
Microsoft Visual Studio Solution File, Format Version 12.00
# Visual Studio Version 16
VisualStudioVersion = 16.0.31829.152
MinimumVisualStudioVersion = 10.0.40219.1
Project("{F184B08F-C81C-45F6-A57F-5ABD9991F28F}") = "Seliverstov created this program", "Seliverstov created this program.vbproj", "{705DA15A-4649-44D2-B65C-018DE0B20111}"
EndProject
Global
	GlobalSection(SolutionConfigurationPlatforms) = preSolution
		Debug|Any CPU = Debug|Any CPU
		Release|Any CPU = Release|Any CPU
	EndGlobalSection
	GlobalSection(ProjectConfigurationPlatforms) = postSolution
		{705DA15A-4649-44D2-B65C-018DE0B20111}.Debug|Any CPU.ActiveCfg = Debug|Any CPU
		{705DA15A-4649-44D2-B65C-018DE0B20111}.Debug|Any CPU.Build.0 = Debug|Any CPU
		{705DA15A-4649-44D2-B65C-018DE0B20111}.Release|Any CPU.ActiveCfg = Release|Any CPU
		{705DA15A-4649-44D2-B65C-018DE0B20111}.Release|Any CPU.Build.0 = Release|Any CPU
	EndGlobalSection
	GlobalSection(SolutionProperties) = preSolution
		HideSolutionNode = FALSE
	EndGlobalSection
	GlobalSection(ExtensibilityGlobals) = postSolution
		SolutionGuid = {C3A03651-1BF0-44A6-A73E-821ED4325D31}
	EndGlobalSection
EndGlobal
